
Microsoft Visual Studio Solution File, Format Version 12.00
# Visual Studio 15
VisualStudioVersion = 15.0.28307.960
MinimumVisualStudioVersion = 10.0.40219.1
Project("{FAE04EC0-301F-11D3-BF4B-00C04F79EFBC}") = "TaskManagementWebAPI", "TaskManagementWebAPI\TaskManagementWebAPI.csproj", "{13964872-B540-47B2-9736-3452B1FEF496}"
EndProject
Global
	GlobalSection(SolutionConfigurationPlatforms) = preSolution
		Debug|Any CPU = Debug|Any CPU
		Release|Any CPU = Release|Any CPU
	EndGlobalSection
	GlobalSection(ProjectConfigurationPlatforms) = postSolution
		{13964872-B540-47B2-9736-3452B1FEF496}.Debug|Any CPU.ActiveCfg = Debug|Any CPU
		{13964872-B540-47B2-9736-3452B1FEF496}.Debug|Any CPU.Build.0 = Debug|Any CPU
		{13964872-B540-47B2-9736-3452B1FEF496}.Release|Any CPU.ActiveCfg = Release|Any CPU
		{13964872-B540-47B2-9736-3452B1FEF496}.Release|Any CPU.Build.0 = Release|Any CPU
	EndGlobalSection
	GlobalSection(SolutionProperties) = preSolution
		HideSolutionNode = FALSE
	EndGlobalSection
	GlobalSection(ExtensibilityGlobals) = postSolution
		SolutionGuid = {E6E38397-51A0-40D9-A2A8-2652F39816DE}
	EndGlobalSection
EndGlobal
